
Microsoft Visual Studio Solution File, Format Version 12.00
# Visual Studio Version 17
VisualStudioVersion = 17.0.31903.59
MinimumVisualStudioVersion = 10.0.40219.1
Project("{2150E333-8FDC-42A3-9474-1A3956D46DE8}") = "src", "src", "{827E0CD3-B72D-47B6-A68D-7590B98EB39B}"
EndProject
Project("{FAE04EC0-301F-11D3-BF4B-00C04F79EFBC}") = "SecurityPatterns.Core", "src\SecurityPatterns.Core\SecurityPatterns.Core.csproj", "{D35FCECE-7FAD-40A2-A370-F3DA68F7B823}"
EndProject
Project("{FAE04EC0-301F-11D3-BF4B-00C04F79EFBC}") = "SecurityPatterns.VerifiableToken", "src\SecurityPatterns.VerifiableToken\SecurityPatterns.VerifiableToken.csproj", "{46D0AA11-E52F-4E57-AD86-F42F676D7068}"
EndProject
Project("{FAE04EC0-301F-11D3-BF4B-00C04F79EFBC}") = "SecurityPatterns.Diagnostics", "src\SecurityPatterns.Diagnostics\SecurityPatterns.Diagnostics.csproj", "{9A08B903-E0D1-4236-9124-DB3FABF5166C}"
EndProject
Global
	GlobalSection(SolutionConfigurationPlatforms) = preSolution
		Debug|Any CPU = Debug|Any CPU
		Debug|x64 = Debug|x64
		Debug|x86 = Debug|x86
		Release|Any CPU = Release|Any CPU
		Release|x64 = Release|x64
		Release|x86 = Release|x86
	EndGlobalSection
	GlobalSection(ProjectConfigurationPlatforms) = postSolution
		{D35FCECE-7FAD-40A2-A370-F3DA68F7B823}.Debug|Any CPU.ActiveCfg = Debug|Any CPU
		{D35FCECE-7FAD-40A2-A370-F3DA68F7B823}.Debug|Any CPU.Build.0 = Debug|Any CPU
		{D35FCECE-7FAD-40A2-A370-F3DA68F7B823}.Debug|x64.ActiveCfg = Debug|Any CPU
		{D35FCECE-7FAD-40A2-A370-F3DA68F7B823}.Debug|x64.Build.0 = Debug|Any CPU
		{D35FCECE-7FAD-40A2-A370-F3DA68F7B823}.Debug|x86.ActiveCfg = Debug|Any CPU
		{D35FCECE-7FAD-40A2-A370-F3DA68F7B823}.Debug|x86.Build.0 = Debug|Any CPU
		{D35FCECE-7FAD-40A2-A370-F3DA68F7B823}.Release|Any CPU.ActiveCfg = Release|Any CPU
		{D35FCECE-7FAD-40A2-A370-F3DA68F7B823}.Release|Any CPU.Build.0 = Release|Any CPU
		{D35FCECE-7FAD-40A2-A370-F3DA68F7B823}.Release|x64.ActiveCfg = Release|Any CPU
		{D35FCECE-7FAD-40A2-A370-F3DA68F7B823}.Release|x64.Build.0 = Release|Any CPU
		{D35FCECE-7FAD-40A2-A370-F3DA68F7B823}.Release|x86.ActiveCfg = Release|Any CPU
		{D35FCECE-7FAD-40A2-A370-F3DA68F7B823}.Release|x86.Build.0 = Release|Any CPU
		{46D0AA11-E52F-4E57-AD86-F42F676D7068}.Debug|Any CPU.ActiveCfg = Debug|Any CPU
		{46D0AA11-E52F-4E57-AD86-F42F676D7068}.Debug|Any CPU.Build.0 = Debug|Any CPU
		{46D0AA11-E52F-4E57-AD86-F42F676D7068}.Debug|x64.ActiveCfg = Debug|Any CPU
		{46D0AA11-E52F-4E57-AD86-F42F676D7068}.Debug|x64.Build.0 = Debug|Any CPU
		{46D0AA11-E52F-4E57-AD86-F42F676D7068}.Debug|x86.ActiveCfg = Debug|Any CPU
		{46D0AA11-E52F-4E57-AD86-F42F676D7068}.Debug|x86.Build.0 = Debug|Any CPU
		{46D0AA11-E52F-4E57-AD86-F42F676D7068}.Release|Any CPU.ActiveCfg = Release|Any CPU
		{46D0AA11-E52F-4E57-AD86-F42F676D7068}.Release|Any CPU.Build.0 = Release|Any CPU
		{46D0AA11-E52F-4E57-AD86-F42F676D7068}.Release|x64.ActiveCfg = Release|Any CPU
		{46D0AA11-E52F-4E57-AD86-F42F676D7068}.Release|x64.Build.0 = Release|Any CPU
		{46D0AA11-E52F-4E57-AD86-F42F676D7068}.Release|x86.ActiveCfg = Release|Any CPU
		{46D0AA11-E52F-4E57-AD86-F42F676D7068}.Release|x86.Build.0 = Release|Any CPU
		{9A08B903-E0D1-4236-9124-DB3FABF5166C}.Debug|Any CPU.ActiveCfg = Debug|Any CPU
		{9A08B903-E0D1-4236-9124-DB3FABF5166C}.Debug|Any CPU.Build.0 = Debug|Any CPU
		{9A08B903-E0D1-4236-9124-DB3FABF5166C}.Debug|x64.ActiveCfg = Debug|Any CPU
		{9A08B903-E0D1-4236-9124-DB3FABF5166C}.Debug|x64.Build.0 = Debug|Any CPU
		{9A08B903-E0D1-4236-9124-DB3FABF5166C}.Debug|x86.ActiveCfg = Debug|Any CPU
		{9A08B903-E0D1-4236-9124-DB3FABF5166C}.Debug|x86.Build.0 = Debug|Any CPU
		{9A08B903-E0D1-4236-9124-DB3FABF5166C}.Release|Any CPU.ActiveCfg = Release|Any CPU
		{9A08B903-E0D1-4236-9124-DB3FABF5166C}.Release|Any CPU.Build.0 = Release|Any CPU
		{9A08B903-E0D1-4236-9124-DB3FABF5166C}.Release|x64.ActiveCfg = Release|Any CPU
		{9A08B903-E0D1-4236-9124-DB3FABF5166C}.Release|x64.Build.0 = Release|Any CPU
		{9A08B903-E0D1-4236-9124-DB3FABF5166C}.Release|x86.ActiveCfg = Release|Any CPU
		{9A08B903-E0D1-4236-9124-DB3FABF5166C}.Release|x86.Build.0 = Release|Any CPU
	EndGlobalSection
	GlobalSection(SolutionProperties) = preSolution
		HideSolutionNode = FALSE
	EndGlobalSection
	GlobalSection(NestedProjects) = preSolution
		{D35FCECE-7FAD-40A2-A370-F3DA68F7B823} = {827E0CD3-B72D-47B6-A68D-7590B98EB39B}
		{46D0AA11-E52F-4E57-AD86-F42F676D7068} = {827E0CD3-B72D-47B6-A68D-7590B98EB39B}
		{9A08B903-E0D1-4236-9124-DB3FABF5166C} = {827E0CD3-B72D-47B6-A68D-7590B98EB39B}
	EndGlobalSection
EndGlobal
